{
  "name": "lone-goose-press",
  "version": "1.0.1",
  "lockfileVersion": 1,
  "requires": true,
  "dependencies": {
    "abbrev": {
      "version": "1.1.0",
      "resolved": "https://registry.npmjs.org/abbrev/-/abbrev-1.1.0.tgz",
      "integrity": "sha1-0FVMIlZjbi9W58LlrRg/hZQo2B8="
    },
    "amdefine": {
      "version": "1.0.1",
      "resolved": "https://registry.npmjs.org/amdefine/-/amdefine-1.0.1.tgz",
      "integrity": "sha1-SlKCrBZHKek2Gbz9OtFR+BfOkfU="
    },
    "amp-bind": {
      "version": "1.0.1",
      "resolved": "https://registry.npmjs.org/amp-bind/-/amp-bind-1.0.1.tgz",
      "integrity": "sha1-mFZVqqHHM+h35Kc/6pdvmFqNR3A=",
      "requires": {
        "amp-is-function": "1.0.1",
        "amp-is-object": "1.0.1"
      }
    },
    "amp-create-callback": {
      "version": "1.0.1",
      "resolved": "https://registry.npmjs.org/amp-create-callback/-/amp-create-callback-1.0.1.tgz",
      "integrity": "sha1-UbtvFJFUXYbpvyNsr/UUu7RXgxA="
    },
    "amp-each": {
      "version": "1.0.1",
      "resolved": "https://registry.npmjs.org/amp-each/-/amp-each-1.0.1.tgz",
      "integrity": "sha1-DWyKM79JnIs95iMiRXx4ue2lwA8=",
      "requires": {
        "amp-create-callback": "1.0.1",
        "amp-keys": "1.0.1"
      }
    },
    "amp-extend": {
      "version": "1.0.1",
      "resolved": "https://registry.npmjs.org/amp-extend/-/amp-extend-1.0.1.tgz",
      "integrity": "sha1-bFQ77mKcEWuDGFdkLw/5QKFa4f8=",
      "requires": {
        "amp-is-object": "1.0.1"
      }
    },
    "amp-has": {
      "version": "1.0.1",
      "resolved": "https://registry.npmjs.org/amp-has/-/amp-has-1.0.1.tgz",
      "integrity": "sha1-3MWKCQpMb8SUfNtujEEO2f9SAsY="
    },
    "amp-index-of": {
      "version": "1.1.0",
      "resolved": "https://registry.npmjs.org/amp-index-of/-/amp-index-of-1.1.0.tgz",
      "integrity": "sha1-0deY6lfaVSsCE2W4Wx443fmTscE=",
      "requires": {
        "amp-is-number": "1.0.1"
      }
    },
    "amp-is-arguments": {
      "version": "1.0.1",
      "resolved": "https://registry.npmjs.org/amp-is-arguments/-/amp-is-arguments-1.0.1.tgz",
      "integrity": "sha1-IW44d25VQkwlJUmd1fbxNryKE8s="
    },
    "amp-is-array": {
      "version": "1.0.1",
      "resolved": "https://registry.npmjs.org/amp-is-array/-/amp-is-array-1.0.1.tgz",
      "integrity": "sha1-58QuRQGRteikirAtppzp4fmlBYw="
    },
    "amp-is-empty": {
      "version": "1.0.2",
      "resolved": "https://registry.npmjs.org/amp-is-empty/-/amp-is-empty-1.0.2.tgz",
      "integrity": "sha1-clsAeT8gSzrAeVH8WkvkaVWj51E=",
      "requires": {
        "amp-is-arguments": "1.0.1",
        "amp-is-array": "1.0.1",
        "amp-is-nan": "1.0.1",
        "amp-is-number": "1.0.1",
        "amp-is-string": "1.0.1",
        "amp-keys": "1.0.1"
      }
    },
    "amp-is-function": {
      "version": "1.0.1",
      "resolved": "https://registry.npmjs.org/amp-is-function/-/amp-is-function-1.0.1.tgz",
      "integrity": "sha1-i1QS/15h0TqUqkSawBNyrQ0imMA="
    },
    "amp-is-nan": {
      "version": "1.0.1",
      "resolved": "https://registry.npmjs.org/amp-is-nan/-/amp-is-nan-1.0.1.tgz",
      "integrity": "sha1-sSM9m81fO9gtW3DfhVd/4HEc65k=",
      "requires": {
        "amp-is-number": "1.0.1"
      }
    },
    "amp-is-number": {
      "version": "1.0.1",
      "resolved": "https://registry.npmjs.org/amp-is-number/-/amp-is-number-1.0.1.tgz",
      "integrity": "sha1-9DDS5l0bvSzEHb2a+38D0+MooxQ="
    },
    "amp-is-object": {
      "version": "1.0.1",
      "resolved": "https://registry.npmjs.org/amp-is-object/-/amp-is-object-1.0.1.tgz",
      "integrity": "sha1-Coy1lWuREqFqc2d+jLrTe7okdwI="
    },
    "amp-is-string": {
      "version": "1.0.1",
      "resolved": "https://registry.npmjs.org/amp-is-string/-/amp-is-string-1.0.1.tgz",
      "integrity": "sha1-CNi4uy1qjyE5agyBavsKbgIl7XA="
    },
    "amp-keys": {
      "version": "1.0.1",
      "resolved": "https://registry.npmjs.org/amp-keys/-/amp-keys-1.0.1.tgz",
      "integrity": "sha1-tyH7gx2nmIFQT060SjntkwpbsSk=",
      "requires": {
        "amp-has": "1.0.1",
        "amp-index-of": "1.1.0",
        "amp-is-object": "1.0.1"
      }
    },
    "amp-limit-calls": {
      "version": "1.0.2",
      "resolved": "https://registry.npmjs.org/amp-limit-calls/-/amp-limit-calls-1.0.2.tgz",
      "integrity": "sha1-z9dlfmgkiEBUmsJGCWOdatedSXk="
    },
    "amp-once": {
      "version": "1.0.1",
      "resolved": "https://registry.npmjs.org/amp-once/-/amp-once-1.0.1.tgz",
      "integrity": "sha1-t33vxHmeAOAtAaYa/ZxkErzlGmo=",
      "requires": {
        "amp-limit-calls": "1.0.2"
      }
    },
    "amp-unique-id": {
      "version": "1.0.2",
      "resolved": "https://registry.npmjs.org/amp-unique-id/-/amp-unique-id-1.0.2.tgz",
      "integrity": "sha1-Owkssm/rdhE9uxewY/FAovzAN9w="
    },
    "ampersand-events": {
      "version": "1.0.1",
      "resolved": "https://registry.npmjs.org/ampersand-events/-/ampersand-events-1.0.1.tgz",
      "integrity": "sha1-qbD53p/27qB8KFYC028d4k6jcb4=",
      "requires": {
        "amp-bind": "1.0.1",
        "amp-each": "1.0.1",
        "amp-extend": "1.0.1",
        "amp-is-empty": "1.0.2",
        "amp-keys": "1.0.1",
        "amp-once": "1.0.1",
        "amp-unique-id": "1.0.2",
        "ampersand-version": "1.0.2"
      }
    },
    "ampersand-version": {
      "version": "1.0.2",
      "resolved": "https://registry.npmjs.org/ampersand-version/-/ampersand-version-1.0.2.tgz",
      "integrity": "sha1-/489TOrE0yzNg/a9Zpc5f3tZ4sA=",
      "requires": {
        "find-root": "0.1.2",
        "through2": "0.6.5"
      }
    },
    "ansi-red": {
      "version": "0.1.1",
      "resolved": "https://registry.npmjs.org/ansi-red/-/ansi-red-0.1.1.tgz",
      "integrity": "sha1-jGOPnRCAgAo1PJwoyKgcpHBdlGw=",
      "requires": {
        "ansi-wrap": "0.1.0"
      }
    },
    "ansi-wrap": {
      "version": "0.1.0",
      "resolved": "https://registry.npmjs.org/ansi-wrap/-/ansi-wrap-0.1.0.tgz",
      "integrity": "sha1-qCJQ3bABXponyoLoLqYDu/pF768="
    },
    "argparse": {
      "version": "1.0.9",
      "resolved": "https://registry.npmjs.org/argparse/-/argparse-1.0.9.tgz",
      "integrity": "sha1-c9g7wmP4bpf4zE9rrhsOkKfSLIY=",
      "requires": {
        "sprintf-js": "1.0.3"
      }
    },
    "argv-parse": {
      "version": "1.0.1",
      "resolved": "https://registry.npmjs.org/argv-parse/-/argv-parse-1.0.1.tgz",
      "integrity": "sha1-1cqlXYsLnWq6f8IcAGuCUx1x1B0="
    },
    "asn1": {
      "version": "0.1.11",
      "resolved": "https://registry.npmjs.org/asn1/-/asn1-0.1.11.tgz",
      "integrity": "sha1-VZvhg3bQik7E2+gId9J4GGObLfc="
    },
    "assert-plus": {
      "version": "0.1.5",
      "resolved": "https://registry.npmjs.org/assert-plus/-/assert-plus-0.1.5.tgz",
      "integrity": "sha1-7nQAlBMALYTOxyGcasgRgS5yMWA="
    },
    "async": {
      "version": "0.9.2",
      "resolved": "https://registry.npmjs.org/async/-/async-0.9.2.tgz",
      "integrity": "sha1-rqdNXmHB+JlhO/ZL2mbUx48v0X0="
    },
    "aws-sign2": {
      "version": "0.5.0",
      "resolved": "https://registry.npmjs.org/aws-sign2/-/aws-sign2-0.5.0.tgz",
      "integrity": "sha1-xXED96F/wDfwLXwuZLYC6iI/fWM="
    },
    "balanced-match": {
      "version": "1.0.0",
      "resolved": "https://registry.npmjs.org/balanced-match/-/balanced-match-1.0.0.tgz",
      "integrity": "sha1-ibTRmasr7kneFk6gK4nORi1xt2c="
    },
    "bl": {
      "version": "0.9.5",
      "resolved": "https://registry.npmjs.org/bl/-/bl-0.9.5.tgz",
      "integrity": "sha1-wGt5evCF6gC8Unr8jvzxHeIjIFQ=",
      "requires": {
        "readable-stream": "1.0.34"
      }
    },
    "bluebird": {
      "version": "2.11.0",
      "resolved": "https://registry.npmjs.org/bluebird/-/bluebird-2.11.0.tgz",
      "integrity": "sha1-U0uQM8AiyVecVro7Plpcqvu2UOE="
    },
    "boom": {
      "version": "2.10.1",
      "resolved": "https://registry.npmjs.org/boom/-/boom-2.10.1.tgz",
      "integrity": "sha1-OciRjO/1eZ+D+UkqhI9iWt0Mdm8=",
      "requires": {
        "hoek": "2.16.3"
      }
    },
    "brace-expansion": {
      "version": "1.1.8",
      "resolved": "https://registry.npmjs.org/brace-expansion/-/brace-expansion-1.1.8.tgz",
      "integrity": "sha1-wHshHHyVLsH479Uad+8NHTmQopI=",
      "requires": {
        "balanced-match": "1.0.0",
        "concat-map": "0.0.1"
      }
    },
    "camelcase": {
      "version": "1.2.1",
      "resolved": "https://registry.npmjs.org/camelcase/-/camelcase-1.2.1.tgz",
      "integrity": "sha1-m7UwTS4LVmmLLHWLCKPqqdqlijk="
    },
    "caseless": {
      "version": "0.9.0",
      "resolved": "https://registry.npmjs.org/caseless/-/caseless-0.9.0.tgz",
      "integrity": "sha1-t7Zc5r8UE4hlOc/VM/CzDv+pz4g="
    },
    "coffee-script": {
      "version": "1.12.7",
      "resolved": "https://registry.npmjs.org/coffee-script/-/coffee-script-1.12.7.tgz",
      "integrity": "sha512-fLeEhqwymYat/MpTPUjSKHVYYl0ec2mOyALEMLmzr5i1isuG+6jfI2j2d5oBO3VIzgUXgBVIcOT9uH1TFxBckw=="
    },
    "combined-stream": {
      "version": "0.0.7",
      "resolved": "https://registry.npmjs.org/combined-stream/-/combined-stream-0.0.7.tgz",
      "integrity": "sha1-ATfmV7qlp1QcV6w3rF/AfXO03B8=",
      "requires": {
        "delayed-stream": "0.0.5"
      }
    },
    "concat-map": {
      "version": "0.0.1",
      "resolved": "https://registry.npmjs.org/concat-map/-/concat-map-0.0.1.tgz",
      "integrity": "sha1-2Klr13/Wjfd5OnMDajug1UBdR3s="
    },
    "core-util-is": {
      "version": "1.0.2",
      "resolved": "https://registry.npmjs.org/core-util-is/-/core-util-is-1.0.2.tgz",
      "integrity": "sha1-tf1UIgqivFq1eqtxQMlAdUUDwac="
    },
    "cryptiles": {
      "version": "2.0.5",
      "resolved": "https://registry.npmjs.org/cryptiles/-/cryptiles-2.0.5.tgz",
      "integrity": "sha1-O9/s3GCBR8HGcgL6KR59ylnqo7g=",
      "requires": {
        "boom": "2.10.1"
      }
    },
    "ctype": {
      "version": "0.5.3",
      "resolved": "https://registry.npmjs.org/ctype/-/ctype-0.5.3.tgz",
      "integrity": "sha1-gsGMJGH3QRTvFsE1IkrQuRRMoS8="
    },
    "decamelize": {
      "version": "1.2.0",
      "resolved": "https://registry.npmjs.org/decamelize/-/decamelize-1.2.0.tgz",
      "integrity": "sha1-9lNNFRSCabIDUue+4m9QH5oZEpA="
    },
    "delayed-stream": {
      "version": "0.0.5",
      "resolved": "https://registry.npmjs.org/delayed-stream/-/delayed-stream-0.0.5.tgz",
      "integrity": "sha1-1LH0OpPoKW3+AmlPRoC8N6MTxz8="
    },
    "diff-dom": {
      "version": "1.0.0",
      "resolved": "https://registry.npmjs.org/diff-dom/-/diff-dom-1.0.0.tgz",
      "integrity": "sha1-FSxDmv9SDhC6MKrWp0Z387id3oU="
    },
    "entities": {
      "version": "1.1.1",
      "resolved": "https://registry.npmjs.org/entities/-/entities-1.1.1.tgz",
      "integrity": "sha1-blwtClYhtdra7O+AuQ7ftc13cvA="
    },
    "es6-promise": {
      "version": "3.3.1",
      "resolved": "https://registry.npmjs.org/es6-promise/-/es6-promise-3.3.1.tgz",
      "integrity": "sha1-oIzd6EzNvzTQJ6FFG8kdS80ophM="
    },
    "esprima": {
      "version": "4.0.0",
      "resolved": "https://registry.npmjs.org/esprima/-/esprima-4.0.0.tgz",
      "integrity": "sha512-oftTcaMu/EGrEIu904mWteKIv8vMuOgGYo7EhVJJN00R/EED9DCua/xxHRdYnKtcECzVg7xOWhflvJMnqcFZjw=="
    },
    "extend-shallow": {
      "version": "2.0.1",
      "resolved": "https://registry.npmjs.org/extend-shallow/-/extend-shallow-2.0.1.tgz",
      "integrity": "sha1-Ua99YUrZqfYQ6huvu5idaxxWiQ8=",
      "requires": {
        "is-extendable": "0.1.1"
      }
    },
    "find-root": {
      "version": "0.1.2",
      "resolved": "https://registry.npmjs.org/find-root/-/find-root-0.1.2.tgz",
      "integrity": "sha1-mNImfP8ZFsyvJ0OzoO6oHXnX3NE="
    },
    "forever-agent": {
      "version": "0.5.2",
      "resolved": "https://registry.npmjs.org/forever-agent/-/forever-agent-0.5.2.tgz",
      "integrity": "sha1-bQ4JxJIflKJ/Y9O0nF/v8epMUTA="
    },
    "form-data": {
      "version": "0.2.0",
      "resolved": "https://registry.npmjs.org/form-data/-/form-data-0.2.0.tgz",
      "integrity": "sha1-Jvi8JtpkQOKZy9z7aQNcT3em5GY=",
      "requires": {
        "async": "0.9.2",
        "combined-stream": "0.0.7",
        "mime-types": "2.0.14"
      }
    },
    "fs.realpath": {
      "version": "1.0.0",
      "resolved": "https://registry.npmjs.org/fs.realpath/-/fs.realpath-1.0.0.tgz",
      "integrity": "sha1-FQStJSMVjKpA20onh8sBQRmU6k8="
    },
    "glob": {
      "version": "7.1.2",
      "resolved": "https://registry.npmjs.org/glob/-/glob-7.1.2.tgz",
      "integrity": "sha512-MJTUg1kjuLeQCJ+ccE4Vpa6kKVXkPYJ2mOCQyUuKLcLQsdrMCpBPUi8qVE6+YuaJkozeA9NusTAw3hLr8Xe5EQ==",
      "requires": {
        "fs.realpath": "1.0.0",
        "inflight": "1.0.6",
        "inherits": "2.0.3",
        "minimatch": "3.0.4",
        "once": "1.4.0",
        "path-is-absolute": "1.0.1"
      }
    },
    "gray-matter": {
      "version": "2.1.1",
      "resolved": "https://registry.npmjs.org/gray-matter/-/gray-matter-2.1.1.tgz",
      "integrity": "sha1-MELZrewqHe1qdwep7SOA+KF6Qw4=",
      "requires": {
        "ansi-red": "0.1.1",
        "coffee-script": "1.12.7",
        "extend-shallow": "2.0.1",
        "js-yaml": "3.9.1",
        "toml": "2.3.2"
      }
    },
    "hapi": {
      "version": "8.2.0",
      "resolved": "https://registry.npmjs.org/hapi/-/hapi-8.2.0.tgz",
      "integrity": "sha1-fGdSfaartLcPCxoZJtCutdkimnY=",
      "requires": {
        "accept": "1.0.0",
        "ammo": "1.0.0",
        "boom": "2.6.1",
        "call": "2.0.1",
        "catbox": "4.2.1",
        "catbox-memory": "1.1.1",
        "cryptiles": "2.0.4",
        "h2o2": "4.0.0",
        "heavy": "3.0.0",
        "hoek": "2.10.0",
        "inert": "2.1.2",
        "iron": "2.1.2",
        "items": "1.1.0",
        "joi": "5.0.2",
        "kilt": "1.1.1",
        "mimos": "2.0.2",
        "peekaboo": "1.0.0",
        "qs": "2.3.3",
        "shot": "1.4.0",
        "statehood": "2.0.0",
        "subtext": "1.0.2",
        "topo": "1.0.2",
        "vision": "2.0.0",
        "wreck": "5.0.1"
      },
      "dependencies": {
        "accept": {
          "version": "1.0.0",
          "resolved": "https://registry.npmjs.org/accept/-/accept-1.0.0.tgz",
          "integrity": "sha1-g++IOWi4WkDFARYEKCoiD/AeYq0=",
          "requires": {
            "boom": "2.6.1",
            "hoek": "2.10.0"
          }
        },
        "ammo": {
          "version": "1.0.0",
          "resolved": "https://registry.npmjs.org/ammo/-/ammo-1.0.0.tgz",
          "integrity": "sha1-4FlIG/aAhzj66G1GT3L6DBLWeoU=",
          "requires": {
            "boom": "2.6.1",
            "hoek": "2.10.0"
          }
        },
        "boom": {
          "version": "2.6.1",
          "resolved": "https://registry.npmjs.org/boom/-/boom-2.6.1.tgz",
          "integrity": "sha1-Tcjvm2362cQ7u/vnH6TCFBnyJ1M=",
          "requires": {
            "hoek": "2.10.0"
          }
        },
        "call": {
          "version": "2.0.1",
          "resolved": "https://registry.npmjs.org/call/-/call-2.0.1.tgz",
          "integrity": "sha1-SbQnCZQ96JoyJYqpEbWHUeI3eg4=",
          "requires": {
            "boom": "2.6.1",
            "hoek": "2.10.0"
          }
        },
        "catbox": {
          "version": "4.2.1",
          "resolved": "https://registry.npmjs.org/catbox/-/catbox-4.2.1.tgz",
          "integrity": "sha1-cemiC6kzChsiDzVpDHkF9AP3cEI=",
          "requires": {
            "boom": "2.6.1",
            "hoek": "2.10.0",
            "joi": "5.0.2"
          }
        },
        "catbox-memory": {
          "version": "1.1.1",
          "resolved": "https://registry.npmjs.org/catbox-memory/-/catbox-memory-1.1.1.tgz",
          "integrity": "sha1-QqUvgLye+nJmAeltQBYDNhJIGig=",
          "requires": {
            "hoek": "2.10.0"
          }
        },
        "cryptiles": {
          "version": "2.0.4",
          "resolved": "https://registry.npmjs.org/cryptiles/-/cryptiles-2.0.4.tgz",
          "integrity": "sha1-CeoXdbnhx95+YKmdQqtvCM4aEoU=",
          "requires": {
            "boom": "2.6.1"
          }
        },
        "h2o2": {
          "version": "4.0.0",
          "resolved": "https://registry.npmjs.org/h2o2/-/h2o2-4.0.0.tgz",
          "integrity": "sha1-zjdDEqmbxSW++8JfqiaGEKlDfsk=",
          "requires": {
            "boom": "2.6.1",
            "hoek": "2.10.0",
            "joi": "5.0.2",
            "wreck": "5.0.1"
          }
        },
        "heavy": {
          "version": "3.0.0",
          "resolved": "https://registry.npmjs.org/heavy/-/heavy-3.0.0.tgz",
          "integrity": "sha1-/QEIdiExYy+IVIontVQSws9SKwA=",
          "requires": {
            "boom": "2.6.1",
            "hoek": "2.10.0",
            "joi": "5.0.2"
          }
        },
        "hoek": {
          "version": "2.10.0",
          "resolved": "https://registry.npmjs.org/hoek/-/hoek-2.10.0.tgz",
          "integrity": "sha1-u6xNsQ4eAtIg3aWxZOMwetDHt4U="
        },
        "inert": {
          "version": "2.1.2",
          "resolved": "https://registry.npmjs.org/inert/-/inert-2.1.2.tgz",
          "integrity": "sha1-fzqCmfTIY6JULy4WJhnHedjgB+A=",
          "requires": {
            "ammo": "1.0.0",
            "boom": "2.6.1",
            "hoek": "2.10.0",
            "items": "1.1.0",
            "joi": "5.0.2",
            "lru-cache": "2.5.0"
          },
          "dependencies": {
            "lru-cache": {
              "version": "2.5.0",
              "resolved": "https://registry.npmjs.org/lru-cache/-/lru-cache-2.5.0.tgz",
              "integrity": "sha1-2COIrpyWC+y+oMc7uet5tsbOmus="
            }
          }
        },
        "iron": {
          "version": "2.1.2",
          "resolved": "https://registry.npmjs.org/iron/-/iron-2.1.2.tgz",
          "integrity": "sha1-WR2RiiVAdTxEbY5DfNzwz6gBEU8=",
          "requires": {
            "boom": "2.6.1",
            "cryptiles": "2.0.4",
            "hoek": "2.10.0"
          }
        },
        "items": {
          "version": "1.1.0",
          "resolved": "https://registry.npmjs.org/items/-/items-1.1.0.tgz",
          "integrity": "sha1-rZ1VhAsimGDLPRYLMidMLUvZ4mI="
        },
        "joi": {
          "version": "5.0.2",
          "resolved": "https://registry.npmjs.org/joi/-/joi-5.0.2.tgz",
          "integrity": "sha1-FDCXYerm9NLZm2s3iGswzm0uLDU=",
          "requires": {
            "hoek": "2.10.0",
            "isemail": "1.1.1",
            "moment": "2.8.4",
            "topo": "1.0.2"
          },
          "dependencies": {
            "isemail": {
              "version": "1.1.1",
              "resolved": "https://registry.npmjs.org/isemail/-/isemail-1.1.1.tgz",
              "integrity": "sha1-4Mj23D9HCX53dzlcaJYnGqJWw7U="
            },
            "moment": {
              "version": "2.8.4",
              "resolved": "https://registry.npmjs.org/moment/-/moment-2.8.4.tgz",
              "integrity": "sha1-zBdKq7GSI+//VpmpRngFoniYOL8="
            }
          }
        },
        "kilt": {
          "version": "1.1.1",
          "resolved": "https://registry.npmjs.org/kilt/-/kilt-1.1.1.tgz",
          "integrity": "sha1-d7SmFjyn+lshN6iMFzNCFuwj1ds=",
          "requires": {
            "hoek": "2.10.0"
          }
        },
        "mimos": {
          "version": "2.0.2",
          "resolved": "https://registry.npmjs.org/mimos/-/mimos-2.0.2.tgz",
          "integrity": "sha1-wyQXF+dblZkr54esfdbbGptTmx4=",
          "requires": {
            "hoek": "2.10.0",
            "mime-db": "1.6.1"
          },
          "dependencies": {
            "mime-db": {
              "version": "1.6.1",
              "resolved": "https://registry.npmjs.org/mime-db/-/mime-db-1.6.1.tgz",
              "integrity": "sha1-boXNh8lh0TDW69N+/fwsDgb9/NM="
            }
          }
        },
        "peekaboo": {
          "version": "1.0.0",
          "resolved": "https://registry.npmjs.org/peekaboo/-/peekaboo-1.0.0.tgz",
          "integrity": "sha1-wNspJq1lTSygH3ymUKtFkadk/EI="
        },
        "qs": {
          "version": "2.3.3",
          "resolved": "https://registry.npmjs.org/qs/-/qs-2.3.3.tgz",
          "integrity": "sha1-6eha2+ddoLvkyOBHaghikPhjtAQ="
        },
        "shot": {
          "version": "1.4.0",
          "resolved": "https://registry.npmjs.org/shot/-/shot-1.4.0.tgz",
          "integrity": "sha1-8UoeX/4hZYnRo01UgFXAha2Lx6Y="
        },
        "statehood": {
          "version": "2.0.0",
          "resolved": "https://registry.npmjs.org/statehood/-/statehood-2.0.0.tgz",
          "integrity": "sha1-yN9616z7z7GLn+jCnL2ahMGAeuI=",
          "requires": {
            "boom": "2.6.1",
            "cryptiles": "2.0.4",
            "hoek": "2.10.0",
            "iron": "2.1.2",
            "items": "1.1.0",
            "joi": "5.0.2"
          }
        },
        "subtext": {
          "version": "1.0.2",
          "resolved": "https://registry.npmjs.org/subtext/-/subtext-1.0.2.tgz",
          "integrity": "sha1-2nsf3nErfxLN0OChZuIXgamYIGs=",
          "requires": {
            "boom": "2.6.1",
            "content": "1.0.1",
            "hoek": "2.10.0",
            "pez": "1.0.0",
            "qs": "2.3.3",
            "wreck": "5.0.1"
          },
          "dependencies": {
            "content": {
              "version": "1.0.1",
              "resolved": "https://registry.npmjs.org/content/-/content-1.0.1.tgz",
              "integrity": "sha1-gD60s7eJVGD9jGnGhMd1RmmvG6E=",
              "requires": {
                "boom": "2.6.1",
                "hoek": "2.10.0"
              }
            },
            "pez": {
              "version": "1.0.0",
              "resolved": "https://registry.npmjs.org/pez/-/pez-1.0.0.tgz",
              "integrity": "sha1-hEMYpc5wku7d/6KV4YB5rHefoBg=",
              "requires": {
                "b64": "2.0.0",
                "boom": "2.6.1",
                "content": "1.0.1",
                "hoek": "2.10.0",
                "nigel": "1.0.1"
              },
              "dependencies": {
                "b64": {
                  "version": "2.0.0",
                  "resolved": "https://registry.npmjs.org/b64/-/b64-2.0.0.tgz",
                  "integrity": "sha1-tZlbJPR+v9nxMQF6bntdZHVvtvM=",
                  "requires": {
                    "hoek": "2.10.0"
                  }
                },
                "nigel": {
                  "version": "1.0.1",
                  "resolved": "https://registry.npmjs.org/nigel/-/nigel-1.0.1.tgz",
                  "integrity": "sha1-RjmJr4gSePuqHTzJOCPb0XtDYKE=",
                  "requires": {
                    "hoek": "2.10.0",
                    "vise": "1.0.0"
                  },
                  "dependencies": {
                    "vise": {
                      "version": "1.0.0",
                      "resolved": "https://registry.npmjs.org/vise/-/vise-1.0.0.tgz",
                      "integrity": "sha1-KDRb5N5aNB4V/SgW/Z6j5zA+jfM=",
                      "requires": {
                        "hoek": "2.10.0"
                      }
                    }
                  }
                }
              }
            }
          }
        },
        "topo": {
          "version": "1.0.2",
          "resolved": "https://registry.npmjs.org/topo/-/topo-1.0.2.tgz",
          "integrity": "sha1-QhV8N8HeTTeIPM3R1skChHqGDbk=",
          "requires": {
            "hoek": "2.10.0"
          }
        },
        "vision": {
          "version": "2.0.0",
          "resolved": "https://registry.npmjs.org/vision/-/vision-2.0.0.tgz",
          "integrity": "sha1-wXTFpPTCGfHML08nIipdhL7OHhM=",
          "requires": {
            "boom": "2.6.1",
            "hoek": "2.10.0",
            "items": "1.1.0",
            "joi": "5.0.2"
          }
        },
        "wreck": {
          "version": "5.0.1",
          "resolved": "https://registry.npmjs.org/wreck/-/wreck-5.0.1.tgz",
          "integrity": "sha1-16nGx05Vl3K/zuJGdaxqs+baKXs=",
          "requires": {
            "boom": "2.6.1",
            "hoek": "2.10.0"
          }
        }
      }
    },
    "hawk": {
      "version": "2.3.1",
      "resolved": "https://registry.npmjs.org/hawk/-/hawk-2.3.1.tgz",
      "integrity": "sha1-HnMc45RH+h0PbXB/e87r7A/R7B8=",
      "requires": {
        "boom": "2.10.1",
        "cryptiles": "2.0.5",
        "hoek": "2.16.3",
        "sntp": "1.0.9"
      }
    },
    "highlight.js": {
      "version": "9.12.0",
      "resolved": "https://registry.npmjs.org/highlight.js/-/highlight.js-9.12.0.tgz",
      "integrity": "sha1-5tnb5Xy+/mB1HwKvM2GVhwyQwB4="
    },
    "hoek": {
      "version": "2.16.3",
      "resolved": "https://registry.npmjs.org/hoek/-/hoek-2.16.3.tgz",
      "integrity": "sha1-ILt0A9POo5jpHcRxCo/xuCdKJe0="
    },
    "http-signature": {
      "version": "0.10.1",
      "resolved": "https://registry.npmjs.org/http-signature/-/http-signature-0.10.1.tgz",
      "integrity": "sha1-T72sEyVZqoMjEh5UB3nAoBKyfmY=",
      "requires": {
        "asn1": "0.1.11",
        "assert-plus": "0.1.5",
        "ctype": "0.5.3"
      }
    },
    "inflight": {
      "version": "1.0.6",
      "resolved": "https://registry.npmjs.org/inflight/-/inflight-1.0.6.tgz",
      "integrity": "sha1-Sb1jMdfQLQwJvJEKEHW6gWW1bfk=",
      "requires": {
        "once": "1.4.0",
        "wrappy": "1.0.2"
      }
    },
    "inherits": {
      "version": "2.0.3",
      "resolved": "https://registry.npmjs.org/inherits/-/inherits-2.0.3.tgz",
      "integrity": "sha1-Yzwsg+PaQqUC9SRmAiSA9CCCYd4="
    },
    "is-extendable": {
      "version": "0.1.1",
      "resolved": "https://registry.npmjs.org/is-extendable/-/is-extendable-0.1.1.tgz",
      "integrity": "sha1-YrEQ4omkcUGOPsNqYX1HLjAd/Ik="
    },
    "isarray": {
      "version": "0.0.1",
      "resolved": "https://registry.npmjs.org/isarray/-/isarray-0.0.1.tgz",
      "integrity": "sha1-ihis/Kmo9Bd+Cav8YDiTmwXR7t8="
    },
    "isstream": {
      "version": "0.1.2",
      "resolved": "https://registry.npmjs.org/isstream/-/isstream-0.1.2.tgz",
      "integrity": "sha1-R+Y/evVa+m+S4VAOaQ64uFKcCZo="
    },
    "js-yaml": {
      "version": "3.9.1",
      "resolved": "https://registry.npmjs.org/js-yaml/-/js-yaml-3.9.1.tgz",
      "integrity": "sha512-CbcG379L1e+mWBnLvHWWeLs8GyV/EMw862uLI3c+GxVyDHWZcjZinwuBd3iW2pgxgIlksW/1vNJa4to+RvDOww==",
      "requires": {
        "argparse": "1.0.9",
        "esprima": "4.0.0"
      }
    },
    "json-stringify-safe": {
      "version": "5.0.1",
      "resolved": "https://registry.npmjs.org/json-stringify-safe/-/json-stringify-safe-5.0.1.tgz",
      "integrity": "sha1-Epai1Y/UXxmg9s4B1lcB4sc1tus="
    },
    "linkify-it": {
      "version": "2.0.3",
      "resolved": "https://registry.npmjs.org/linkify-it/-/linkify-it-2.0.3.tgz",
      "integrity": "sha1-2UpGSPmxwXnWT6lykSaL22zpQ08=",
      "requires": {
        "uc.micro": "1.0.3"
      }
    },
    "lodash": {
      "version": "3.10.1",
      "resolved": "https://registry.npmjs.org/lodash/-/lodash-3.10.1.tgz",
      "integrity": "sha1-W/Rejkm6QYnhfUgnid/RW9FAt7Y="
    },
    "markdown": {
      "version": "0.5.0",
      "resolved": "https://registry.npmjs.org/markdown/-/markdown-0.5.0.tgz",
      "integrity": "sha1-KCBbVlqK51kt4gdGPWY33BgnIrI=",
      "requires": {
        "nopt": "2.1.2"
      }
    },
    "markdown-it": {
      "version": "7.0.1",
      "resolved": "https://registry.npmjs.org/markdown-it/-/markdown-it-7.0.1.tgz",
      "integrity": "sha1-8S2LiKk+ZCVDSN/Rg71wv2BWekI=",
      "requires": {
        "argparse": "1.0.9",
        "entities": "1.1.1",
        "linkify-it": "2.0.3",
        "mdurl": "1.0.1",
        "uc.micro": "1.0.3"
      }
    },
    "mdurl": {
      "version": "1.0.1",
      "resolved": "https://registry.npmjs.org/mdurl/-/mdurl-1.0.1.tgz",
      "integrity": "sha1-/oWy7HWlkDfyrf7BAP1sYBdhFS4="
    },
    "mime-db": {
      "version": "1.12.0",
      "resolved": "https://registry.npmjs.org/mime-db/-/mime-db-1.12.0.tgz",
      "integrity": "sha1-PQxjGA9FjrENMlqqN9fFiuMS6dc="
    },
    "mime-types": {
      "version": "2.0.14",
      "resolved": "https://registry.npmjs.org/mime-types/-/mime-types-2.0.14.tgz",
      "integrity": "sha1-MQ4VnbI+B3+Lsit0jav6SVcUCqY=",
      "requires": {
        "mime-db": "1.12.0"
      }
    },
    "minimatch": {
      "version": "3.0.4",
      "resolved": "https://registry.npmjs.org/minimatch/-/minimatch-3.0.4.tgz",
      "integrity": "sha512-yJHVQEhyqPLUTgt9B83PXu6W3rx4MvvHvSUvToogpwoGDOUQ+yDrR0HRot+yOCdCO7u4hX3pWft6kWBBcqh0UA==",
      "requires": {
        "brace-expansion": "1.1.8"
      }
    },
    "minimist": {
      "version": "0.0.8",
      "resolved": "https://registry.npmjs.org/minimist/-/minimist-0.0.8.tgz",
      "integrity": "sha1-hX/Kv8M5fSYluCKCYuhqp6ARsF0="
    },
    "mkdirp": {
      "version": "0.5.1",
      "resolved": "https://registry.npmjs.org/mkdirp/-/mkdirp-0.5.1.tgz",
      "integrity": "sha1-MAV0OOrGz3+MR2fzhkjWaX11yQM=",
      "requires": {
        "minimist": "0.0.8"
      }
    },
    "node-uuid": {
      "version": "1.4.8",
      "resolved": "https://registry.npmjs.org/node-uuid/-/node-uuid-1.4.8.tgz",
      "integrity": "sha1-sEDrCSOWivq/jTL7HxfxFn/auQc="
    },
    "nopt": {
      "version": "2.1.2",
      "resolved": "https://registry.npmjs.org/nopt/-/nopt-2.1.2.tgz",
      "integrity": "sha1-bMzZd7gBMqB3MdbozljCyDA8+a8=",
      "requires": {
        "abbrev": "1.1.0"
      }
    },
    "oauth-sign": {
      "version": "0.6.0",
      "resolved": "https://registry.npmjs.org/oauth-sign/-/oauth-sign-0.6.0.tgz",
      "integrity": "sha1-fb6uRPbKRU4fFoRR1jB0ZzWBPOM="
    },
    "object-assign": {
      "version": "4.1.1",
      "resolved": "https://registry.npmjs.org/object-assign/-/object-assign-4.1.1.tgz",
      "integrity": "sha1-IQmtx5ZYh8/AXLvUQsrIv7s2CGM="
    },
    "observable": {
      "version": "2.1.4",
      "resolved": "https://registry.npmjs.org/observable/-/observable-2.1.4.tgz",
      "integrity": "sha1-oPa/9C7B4KBph0qbDD0V9M70OjQ="
    },
    "once": {
      "version": "1.4.0",
      "resolved": "https://registry.npmjs.org/once/-/once-1.4.0.tgz",
      "integrity": "sha1-WDsap3WWHUsROsF9nFC6753Xa9E=",
      "requires": {
        "wrappy": "1.0.2"
      }
    },
    "optimist": {
      "version": "0.6.1",
      "resolved": "https://registry.npmjs.org/optimist/-/optimist-0.6.1.tgz",
      "integrity": "sha1-2j6nRob6IaGaERwybpDrFaAZZoY=",
      "requires": {
        "minimist": "0.0.8",
        "wordwrap": "0.0.3"
      }
    },
    "path-is-absolute": {
      "version": "1.0.1",
      "resolved": "https://registry.npmjs.org/path-is-absolute/-/path-is-absolute-1.0.1.tgz",
      "integrity": "sha1-F0uSaHNVNP+8es5r9TpanhtcX18="
    },
    "punycode": {
      "version": "1.4.1",
      "resolved": "https://registry.npmjs.org/punycode/-/punycode-1.4.1.tgz",
      "integrity": "sha1-wNWmOycYgArY4esPpSachN1BhF4="
    },
    "qs": {
      "version": "2.3.3",
      "resolved": "https://registry.npmjs.org/qs/-/qs-2.3.3.tgz",
      "integrity": "sha1-6eha2+ddoLvkyOBHaghikPhjtAQ="
    },
    "read-data": {
      "version": "0.3.0",
      "resolved": "https://registry.npmjs.org/read-data/-/read-data-0.3.0.tgz",
      "integrity": "sha1-chBxkjjMIQSOiLYbi+chp8338to=",
      "requires": {
        "read-yaml": "1.1.0"
      }
    },
    "read-yaml": {
      "version": "1.1.0",
      "resolved": "https://registry.npmjs.org/read-yaml/-/read-yaml-1.1.0.tgz",
      "integrity": "sha1-DSc6wMlb6SIw3A1MTE9biWCjNtY=",
      "requires": {
        "extend-shallow": "2.0.1",
        "js-yaml": "3.9.1"
      }
    },
    "readable-stream": {
      "version": "1.0.34",
      "resolved": "https://registry.npmjs.org/readable-stream/-/readable-stream-1.0.34.tgz",
      "integrity": "sha1-Elgg40vIQtLyqq+v5MKRbuMsFXw=",
      "requires": {
        "core-util-is": "1.0.2",
        "inherits": "2.0.3",
        "isarray": "0.0.1",
        "string_decoder": "0.10.31"
      }
    },
    "request": {
      "version": "2.53.0",
      "resolved": "https://registry.npmjs.org/request/-/request-2.53.0.tgz",
      "integrity": "sha1-GAo66St7Y5gC5PlUXdj83rcddgw=",
      "requires": {
        "aws-sign2": "0.5.0",
        "bl": "0.9.5",
        "caseless": "0.9.0",
        "combined-stream": "0.0.7",
        "forever-agent": "0.5.2",
        "form-data": "0.2.0",
        "hawk": "2.3.1",
        "http-signature": "0.10.1",
        "isstream": "0.1.2",
        "json-stringify-safe": "5.0.1",
        "mime-types": "2.0.14",
        "node-uuid": "1.4.8",
        "oauth-sign": "0.6.0",
        "qs": "2.3.3",
        "stringstream": "0.0.5",
        "tough-cookie": "2.3.2",
        "tunnel-agent": "0.4.3"
      }
    },
    "sntp": {
      "version": "1.0.9",
      "resolved": "https://registry.npmjs.org/sntp/-/sntp-1.0.9.tgz",
      "integrity": "sha1-ZUEYTMkK7qbG57NeJlkIJEPGYZg=",
      "requires": {
        "hoek": "2.16.3"
      }
    },
    "source-map": {
      "version": "0.1.34",
      "resolved": "https://registry.npmjs.org/source-map/-/source-map-0.1.34.tgz",
      "integrity": "sha1-p8/omux7FoLDsZjQrPtH19CQVms=",
      "requires": {
        "amdefine": "1.0.1"
      }
    },
    "sprintf-js": {
      "version": "1.0.3",
      "resolved": "https://registry.npmjs.org/sprintf-js/-/sprintf-js-1.0.3.tgz",
      "integrity": "sha1-BOaSb2YolTVPPdAVIDYzuFcpfiw="
    },
    "static-site": {
      "version": "1.3.1",
      "resolved": "https://registry.npmjs.org/static-site/-/static-site-1.3.1.tgz",
      "integrity": "sha1-VsE9n3ON45BdkOCU4yJyrlqs27M=",
      "requires": {
        "argv-parse": "1.0.1",
        "es6-promise": "3.3.1",
        "glob": "7.1.2",
        "gray-matter": "2.1.1",
        "highlight.js": "9.12.0",
        "markdown-it": "7.0.1",
        "minimatch": "3.0.4",
        "mkdirp": "0.5.1",
        "object-assign": "4.1.1",
        "read-data": "0.3.0",
        "swig": "1.4.2",
        "swig-extras": "0.0.1"
      }
    },
    "string_decoder": {
      "version": "0.10.31",
      "resolved": "https://registry.npmjs.org/string_decoder/-/string_decoder-0.10.31.tgz",
      "integrity": "sha1-YuIDvEF2bGwoyfyEMB2rHFMQ+pQ="
    },
    "stringstream": {
      "version": "0.0.5",
      "resolved": "https://registry.npmjs.org/stringstream/-/stringstream-0.0.5.tgz",
      "integrity": "sha1-TkhM1N5aC7vuGORjB3EKioFiGHg="
    },
    "stripe": {
      "version": "3.3.4",
      "resolved": "https://registry.npmjs.org/stripe/-/stripe-3.3.4.tgz",
      "integrity": "sha1-PXrWaFLqxeggczOLDGYfnP9u7DY=",
      "requires": {
        "bluebird": "2.11.0",
        "lodash": "3.10.1",
        "qs": "2.3.3"
      }
    },
    "swig": {
      "version": "1.4.2",
      "resolved": "https://registry.npmjs.org/swig/-/swig-1.4.2.tgz",
      "integrity": "sha1-QIXKBFM2kQS11IPihBs5t64aq6U=",
      "requires": {
        "optimist": "0.6.1",
        "uglify-js": "2.4.24"
      }
    },
    "swig-extras": {
      "version": "0.0.1",
      "resolved": "https://registry.npmjs.org/swig-extras/-/swig-extras-0.0.1.tgz",
      "integrity": "sha1-tQP+3jcqucJMasaMr2VrzvGHIyg=",
      "requires": {
        "markdown": "0.5.0"
      }
    },
    "through2": {
      "version": "0.6.5",
      "resolved": "https://registry.npmjs.org/through2/-/through2-0.6.5.tgz",
      "integrity": "sha1-QaucZ7KdVyCQcUEOHXp6lozTrUg=",
      "requires": {
        "readable-stream": "1.0.34",
        "xtend": "4.0.1"
      }
    },
    "toml": {
      "version": "2.3.2",
      "resolved": "https://registry.npmjs.org/toml/-/toml-2.3.2.tgz",
      "integrity": "sha1-Xt7VykKIeSSUn9BusOlVZWAB6DQ="
    },
    "tough-cookie": {
      "version": "2.3.2",
      "resolved": "https://registry.npmjs.org/tough-cookie/-/tough-cookie-2.3.2.tgz",
      "integrity": "sha1-8IH3bkyFcg5sN6X6ztc3FQ2EByo=",
      "requires": {
        "punycode": "1.4.1"
      }
    },
    "tunnel-agent": {
      "version": "0.4.3",
      "resolved": "https://registry.npmjs.org/tunnel-agent/-/tunnel-agent-0.4.3.tgz",
      "integrity": "sha1-Y3PbdpCf5XDgjXNYM2Xtgop07us="
    },
    "uc.micro": {
      "version": "1.0.3",
      "resolved": "https://registry.npmjs.org/uc.micro/-/uc.micro-1.0.3.tgz",
      "integrity": "sha1-ftUNXg+an7ClczeSWfKndFjVAZI="
    },
    "uglify-js": {
      "version": "2.4.24",
      "resolved": "https://registry.npmjs.org/uglify-js/-/uglify-js-2.4.24.tgz",
      "integrity": "sha1-+tV1XB4Vd2WLsG/5q25UjJW+vW4=",
      "requires": {
        "async": "0.9.2",
        "source-map": "0.1.34",
        "uglify-to-browserify": "1.0.2",
        "yargs": "3.5.4"
      }
    },
    "uglify-to-browserify": {
      "version": "1.0.2",
      "resolved": "https://registry.npmjs.org/uglify-to-browserify/-/uglify-to-browserify-1.0.2.tgz",
      "integrity": "sha1-bgkk1r2mta/jSeOabWMoUKD4grc="
    },
    "urlify": {
      "version": "0.3.6",
      "resolved": "https://registry.npmjs.org/urlify/-/urlify-0.3.6.tgz",
      "integrity": "sha1-g7tSr17AT2AGtfXyC1Hg2+yF/P8="
    },
    "window-size": {
      "version": "0.1.0",
      "resolved": "https://registry.npmjs.org/window-size/-/window-size-0.1.0.tgz",
      "integrity": "sha1-VDjNLqk7IC76Ohn+iIeu58lPnJ0="
    },
    "wordwrap": {
      "version": "0.0.3",
      "resolved": "https://registry.npmjs.org/wordwrap/-/wordwrap-0.0.3.tgz",
      "integrity": "sha1-o9XabNXAvAAI03I0u68b7WMFkQc="
    },
    "wrappy": {
      "version": "1.0.2",
      "resolved": "https://registry.npmjs.org/wrappy/-/wrappy-1.0.2.tgz",
      "integrity": "sha1-tSQ9jz7BqjXxNkYFvA0QNuMKtp8="
    },
    "xtend": {
      "version": "4.0.1",
      "resolved": "https://registry.npmjs.org/xtend/-/xtend-4.0.1.tgz",
      "integrity": "sha1-pcbVMr5lbiPbgg77lDofBJmNY68="
    },
    "yargs": {
      "version": "3.5.4",
      "resolved": "https://registry.npmjs.org/yargs/-/yargs-3.5.4.tgz",
      "integrity": "sha1-2K/49mXpTDS9JZvevRv68N3TU2E=",
      "requires": {
        "camelcase": "1.2.1",
        "decamelize": "1.2.0",
        "window-size": "0.1.0",
        "wordwrap": "0.0.2"
      },
      "dependencies": {
        "wordwrap": {
          "version": "0.0.2",
          "resolved": "https://registry.npmjs.org/wordwrap/-/wordwrap-0.0.2.tgz",
          "integrity": "sha1-t5Zpu0LstAn4PVg8rVLKF+qhZD8="
        }
      }
    }
  }
}
